<?xml version="1.0" encoding="utf-8"?>
<Project ToolsVersion="4.0" xmlns="http://schemas.microsoft.com/developer/msbuild/2003">
  <ItemGroup>
    <Filter Include="소스 파일">
      <UniqueIdentifier>{4FC737F1-C7A5-4376-A066-2A32D752A2FF}</UniqueIdentifier>
      <Extensions>cpp;c;cc;cxx;c++;cppm;ixx;def;odl;idl;hpj;bat;asm;asmx</Extensions>
    </Filter>
    <Filter Include="헤더 파일">
      <UniqueIdentifier>{93995380-89BD-4b04-88EB-625FBE52EBFB}</UniqueIdentifier>
      <Extensions>h;hh;hpp;hxx;h++;hm;inl;inc;ipp;xsd</Extensions>
    </Filter>
    <Filter Include="리소스 파일">
      <UniqueIdentifier>{67DA6AB6-F800-4c08-8B7A-83BB121AAD01}</UniqueIdentifier>
      <Extensions>rc;ico;cur;bmp;dlg;rc2;rct;bin;rgs;gif;jpg;jpeg;jpe;resx;tiff;tif;png;wav;mfcribbon-ms</Extensions>
    </Filter>
    <Filter Include="소스 파일\Baekjoon">
      <UniqueIdentifier>{f81de6bf-f4e5-4aba-a9fb-ad2647e5dfce}</UniqueIdentifier>
    </Filter>
    <Filter Include="소스 파일\Baekjoon\Base">
      <UniqueIdentifier>{33c5e810-a1e1-4688-8d0e-ebb611f38fab}</UniqueIdentifier>
    </Filter>
    <Filter Include="소스 파일\ETC">
      <UniqueIdentifier>{ba8e14d5-b3fc-496e-aff0-c01649ae97d3}</UniqueIdentifier>
    </Filter>
  </ItemGroup>
  <ItemGroup>
    <ClInclude Include="resource.h">
      <Filter>헤더 파일</Filter>
    </ClInclude>
  </ItemGroup>
  <ItemGroup>
    <ResourceCompile Include="Algorithm_Cpp.rc">
      <Filter>리소스 파일</Filter>
    </ResourceCompile>
  </ItemGroup>
  <ItemGroup>
    <ClCompile Include="ETC\HelloWorld.cpp">
      <Filter>소스 파일\ETC</Filter>
    </ClCompile>
    <ClCompile Include="Baekjoon\Base\BJ_1000.cpp">
      <Filter>소스 파일</Filter>
    </ClCompile>
    <ClCompile Include="Baekjoon\Base\BJ_2530.cpp">
      <Filter>소스 파일</Filter>
    </ClCompile>
    <ClCompile Include="Baekjoon\Math\BJ_2355.cpp">
      <Filter>소스 파일</Filter>
    </ClCompile>
    <ClCompile Include="Baekjoon\Base\BJ_2506.cpp">
      <Filter>소스 파일</Filter>
    </ClCompile>
    <ClCompile Include="Baekjoon\Failure\BJ_1773.cpp">
      <Filter>소스 파일</Filter>
    </ClCompile>
    <ClCompile Include="Baekjoon\Base\BJ_2566.cpp">
      <Filter>소스 파일</Filter>
    </ClCompile>
    <ClCompile Include="Baekjoon\Base\BJ_2783.cpp">
      <Filter>소스 파일</Filter>
    </ClCompile>
    <ClCompile Include="Baekjoon\Base\BJ_10992.cpp">
      <Filter>소스 파일</Filter>
    </ClCompile>
    <ClCompile Include="Baekjoon\Base\BJ_5354.cpp">
      <Filter>소스 파일</Filter>
    </ClCompile>
    <ClCompile Include="Baekjoon\DP\BJ_2839.cpp">
      <Filter>소스 파일</Filter>
    </ClCompile>
    <ClCompile Include="Baekjoon\DP\BJ_2748.cpp">
      <Filter>소스 파일</Filter>
    </ClCompile>
    <ClCompile Include="Baekjoon\DP\BJ_24416.cpp">
      <Filter>소스 파일</Filter>
    </ClCompile>
    <ClCompile Include="Baekjoon\DP\BJ_17202.cpp">
      <Filter>소스 파일</Filter>
    </ClCompile>
    <ClCompile Include="Baekjoon\DP\BJ_15312.cpp">
      <Filter>소스 파일</Filter>
    </ClCompile>
    <ClCompile Include="Baekjoon\DP\BJ_1010.cpp">
      <Filter>소스 파일</Filter>
    </ClCompile>
    <ClCompile Include="Baekjoon\DP\BJ_9655.cpp">
      <Filter>소스 파일</Filter>
    </ClCompile>
  </ItemGroup>
</Project>